// !$*UTF8*$!
{
	archiveVersion = 1;
	classes = {
	};
	objectVersion = 50;
	objects = {

/* Begin PBXBuildFile section */
		3FFCA98C21C8ACD600AE10E7 /* AppDelegate.swift in Sources */ = {isa = PBXBuildFile; fileRef = 3FFCA98B21C8ACD600AE10E7 /* AppDelegate.swift */; };
		3FFCA98E21C8ACD600AE10E7 /* ViewController.swift in Sources */ = {isa = PBXBuildFile; fileRef = 3FFCA98D21C8ACD600AE10E7 /* ViewController.swift */; };
		3FFCA99121C8ACD600AE10E7 /* Main.storyboard in Resources */ = {isa = PBXBuildFile; fileRef = 3FFCA98F21C8ACD600AE10E7 /* Main.storyboard */; };
		3FFCA99321C8ACD700AE10E7 /* Assets.xcassets in Resources */ = {isa = PBXBuildFile; fileRef = 3FFCA99221C8ACD700AE10E7 /* Assets.xcassets */; };
		3FFCA99621C8ACD700AE10E7 /* LaunchScreen.storyboard in Resources */ = {isa = PBXBuildFile; fileRef = 3FFCA99421C8ACD700AE10E7 /* LaunchScreen.storyboard */; };
		3FFCA9B621C8AD4700AE10E7 /* Alamofire.framework in Frameworks */ = {isa = PBXBuildFile; fileRef = 3FFCA9A921C8AD0200AE10E7 /* Alamofire.framework */; };
		3FFCA9B721C8AD4700AE10E7 /* Alamofire.framework in Embed Frameworks */ = {isa = PBXBuildFile; fileRef = 3FFCA9A921C8AD0200AE10E7 /* Alamofire.framework */; settings = {ATTRIBUTES = (CodeSignOnCopy, RemoveHeadersOnCopy, ); }; };
		3FFCA9BC21C8AE7100AE10E7 /* CityTableViewController.swift in Sources */ = {isa = PBXBuildFile; fileRef = 3FFCA9BB21C8AE7100AE10E7 /* CityTableViewController.swift */; };
		3FFCA9BE21C8AE9600AE10E7 /* DetailViewController.swift in Sources */ = {isa = PBXBuildFile; fileRef = 3FFCA9BD21C8AE9600AE10E7 /* DetailViewController.swift */; };
/* End PBXBuildFile section */

/* Begin PBXContainerItemProxy section */
		3FFCA9A821C8AD0200AE10E7 /* PBXContainerItemProxy */ = {
			isa = PBXContainerItemProxy;
			containerPortal = 3FFCA99D21C8AD0200AE10E7 /* Alamofire.xcodeproj */;
			proxyType = 2;
			remoteGlobalIDString = F8111E3319A95C8B0040E7D1;
			remoteInfo = "Alamofire iOS";
		};
		3FFCA9AA21C8AD0200AE10E7 /* PBXContainerItemProxy */ = {
			isa = PBXContainerItemProxy;
			containerPortal = 3FFCA99D21C8AD0200AE10E7 /* Alamofire.xcodeproj */;
			proxyType = 2;
			remoteGlobalIDString = F8111E3E19A95C8B0040E7D1;
			remoteInfo = "Alamofire iOS Tests";
		};
		3FFCA9AC21C8AD0200AE10E7 /* PBXContainerItemProxy */ = {
			isa = PBXContainerItemProxy;
			containerPortal = 3FFCA99D21C8AD0200AE10E7 /* Alamofire.xcodeproj */;
			proxyType = 2;
			remoteGlobalIDString = 4DD67C0B1A5C55C900ED2280;
			remoteInfo = "Alamofire macOS";
		};
		3FFCA9AE21C8AD0200AE10E7 /* PBXContainerItemProxy */ = {
			isa = PBXContainerItemProxy;
			containerPortal = 3FFCA99D21C8AD0200AE10E7 /* Alamofire.xcodeproj */;
			proxyType = 2;
			remoteGlobalIDString = F829C6B21A7A94F100A2CD59;
			remoteInfo = "Alamofire macOS Tests";
		};
		3FFCA9B021C8AD0200AE10E7 /* PBXContainerItemProxy */ = {
			isa = PBXContainerItemProxy;
			containerPortal = 3FFCA99D21C8AD0200AE10E7 /* Alamofire.xcodeproj */;
			proxyType = 2;
			remoteGlobalIDString = 4CF626EF1BA7CB3E0011A099;
			remoteInfo = "Alamofire tvOS";
		};
		3FFCA9B221C8AD0200AE10E7 /* PBXContainerItemProxy */ = {
			isa = PBXContainerItemProxy;
			containerPortal = 3FFCA99D21C8AD0200AE10E7 /* Alamofire.xcodeproj */;
			proxyType = 2;
			remoteGlobalIDString = 4CF626F81BA7CB3E0011A099;
			remoteInfo = "Alamofire tvOS Tests";
		};
		3FFCA9B421C8AD0200AE10E7 /* PBXContainerItemProxy */ = {
			isa = PBXContainerItemProxy;
			containerPortal = 3FFCA99D21C8AD0200AE10E7 /* Alamofire.xcodeproj */;
			proxyType = 2;
			remoteGlobalIDString = E4202FE01B667AA100C997FB;
			remoteInfo = "Alamofire watchOS";
		};
		3FFCA9B821C8AD4700AE10E7 /* PBXContainerItemProxy */ = {
			isa = PBXContainerItemProxy;
			containerPortal = 3FFCA99D21C8AD0200AE10E7 /* Alamofire.xcodeproj */;
			proxyType = 1;
			remoteGlobalIDString = F8111E3219A95C8B0040E7D1;
			remoteInfo = "Alamofire iOS";
		};
/* End PBXContainerItemProxy section */

/* Begin PBXCopyFilesBuildPhase section */
		3FFCA9BA21C8AD4700AE10E7 /* Embed Frameworks */ = {
			isa = PBXCopyFilesBuildPhase;
			buildActionMask = 2147483647;
			dstPath = "";
			dstSubfolderSpec = 10;
			files = (
				3FFCA9B721C8AD4700AE10E7 /* Alamofire.framework in Embed Frameworks */,
			);
			name = "Embed Frameworks";
			runOnlyForDeploymentPostprocessing = 0;
		};
/* End PBXCopyFilesBuildPhase section */

/* Begin PBXFileReference section */
		3FFCA98821C8ACD600AE10E7 /* 13.Network.app */ = {isa = PBXFileReference; explicitFileType = wrapper.application; includeInIndex = 0; path = 13.Network.app; sourceTree = BUILT_PRODUCTS_DIR; };
		3FFCA98B21C8ACD600AE10E7 /* AppDelegate.swift */ = {isa = PBXFileReference; lastKnownFileType = sourcecode.swift; path = AppDelegate.swift; sourceTree = "<group>"; };
		3FFCA98D21C8ACD600AE10E7 /* ViewController.swift */ = {isa = PBXFileReference; lastKnownFileType = sourcecode.swift; path = ViewController.swift; sourceTree = "<group>"; };
		3FFCA99021C8ACD600AE10E7 /* Base */ = {isa = PBXFileReference; lastKnownFileType = file.storyboard; name = Base; path = Base.lproj/Main.storyboard; sourceTree = "<group>"; };
		3FFCA99221C8ACD700AE10E7 /* Assets.xcassets */ = {isa = PBXFileReference; lastKnownFileType = folder.assetcatalog; path = Assets.xcassets; sourceTree = "<group>"; };
		3FFCA99521C8ACD700AE10E7 /* Base */ = {isa = PBXFileReference; lastKnownFileType = file.storyboard; name = Base; path = Base.lproj/LaunchScreen.storyboard; sourceTree = "<group>"; };
		3FFCA99721C8ACD700AE10E7 /* Info.plist */ = {isa = PBXFileReference; lastKnownFileType = text.plist.xml; path = Info.plist; sourceTree = "<group>"; };
		3FFCA99D21C8AD0200AE10E7 /* Alamofire.xcodeproj */ = {isa = PBXFileReference; lastKnownFileType = "wrapper.pb-project"; name = Alamofire.xcodeproj; path = "Alamofire-master/Alamofire.xcodeproj"; sourceTree = "<group>"; };
		3FFCA9BB21C8AE7100AE10E7 /* CityTableViewController.swift */ = {isa = PBXFileReference; lastKnownFileType = sourcecode.swift; path = CityTableViewController.swift; sourceTree = "<group>"; };
		3FFCA9BD21C8AE9600AE10E7 /* DetailViewController.swift */ = {isa = PBXFileReference; lastKnownFileType = sourcecode.swift; path = DetailViewController.swift; sourceTree = "<group>"; };
/* End PBXFileReference section */

/* Begin PBXFrameworksBuildPhase section */
		3FFCA98521C8ACD600AE10E7 /* Frameworks */ = {
			isa = PBXFrameworksBuildPhase;
			buildActionMask = 2147483647;
			files = (
				3FFCA9B621C8AD4700AE10E7 /* Alamofire.framework in Frameworks */,
			);
			runOnlyForDeploymentPostprocessing = 0;
		};
/* End PBXFrameworksBuildPhase section */

/* Begin PBXGroup section */
		3FFCA97F21C8ACD600AE10E7 = {
			isa = PBXGroup;
			children = (
				3FFCA99D21C8AD0200AE10E7 /* Alamofire.xcodeproj */,
				3FFCA98A21C8ACD600AE10E7 /* 13.Network */,
				3FFCA98921C8ACD600AE10E7 /* Products */,
			);
			sourceTree = "<group>";
		};
		3FFCA98921C8ACD600AE10E7 /* Products */ = {
			isa = PBXGroup;
			children = (
				3FFCA98821C8ACD600AE10E7 /* 13.Network.app */,
			);
			name = Products;
			sourceTree = "<group>";
		};
		3FFCA98A21C8ACD600AE10E7 /* 13.Network */ = {
			isa = PBXGroup;
			children = (
				3FFCA98B21C8ACD600AE10E7 /* AppDelegate.swift */,
				3FFCA98D21C8ACD600AE10E7 /* ViewController.swift */,
				3FFCA98F21C8ACD600AE10E7 /* Main.storyboard */,
				3FFCA9BD21C8AE9600AE10E7 /* DetailViewController.swift */,
				3FFCA9BB21C8AE7100AE10E7 /* CityTableViewController.swift */,
				3FFCA99221C8ACD700AE10E7 /* Assets.xcassets */,
				3FFCA99421C8ACD700AE10E7 /* LaunchScreen.storyboard */,
				3FFCA99721C8ACD700AE10E7 /* Info.plist */,
			);
			path = 13.Network;
			sourceTree = "<group>";
		};
		3FFCA99E21C8AD0200AE10E7 /* Products */ = {
			isa = PBXGroup;
			children = (
				3FFCA9A921C8AD0200AE10E7 /* Alamofire.framework */,
				3FFCA9AB21C8AD0200AE10E7 /* Alamofire iOS Tests.xctest */,
				3FFCA9AD21C8AD0200AE10E7 /* Alamofire.framework */,
				3FFCA9AF21C8AD0200AE10E7 /* Alamofire macOS Tests.xctest */,
				3FFCA9B121C8AD0200AE10E7 /* Alamofire.framework */,
				3FFCA9B321C8AD0200AE10E7 /* Alamofire tvOS Tests.xctest */,
				3FFCA9B521C8AD0200AE10E7 /* Alamofire.framework */,
			);
			name = Products;
			sourceTree = "<group>";
		};
/* End PBXGroup section */

/* Begin PBXNativeTarget section */
		3FFCA98721C8ACD600AE10E7 /* 13.Network */ = {
			isa = PBXNativeTarget;
			buildConfigurationList = 3FFCA99A21C8ACD700AE10E7 /* Build configuration list for PBXNativeTarget "13.Network" */;
			buildPhases = (
				3FFCA98421C8ACD600AE10E7 /* Sources */,
				3FFCA98521C8ACD600AE10E7 /* Frameworks */,
				3FFCA98621C8ACD600AE10E7 /* Resources */,
				3FFCA9BA21C8AD4700AE10E7 /* Embed Frameworks */,
			);
			buildRules = (
			);
			dependencies = (
				3FFCA9B921C8AD4700AE10E7 /* PBXTargetDependency */,
			);
			name = 13.Network;
			productName = 13.Network;
			productReference = 3FFCA98821C8ACD600AE10E7 /* 13.Network.app */;
			productType = "com.apple.product-type.application";
		};
/* End PBXNativeTarget section */

/* Begin PBXProject section */
		3FFCA98021C8ACD600AE10E7 /* Project object */ = {
			isa = PBXProject;
			attributes = {
				LastSwiftUpdateCheck = 1000;
				LastUpgradeCheck = 1000;
				ORGANIZATIONNAME = xtx;
				TargetAttributes = {
					3FFCA98721C8ACD600AE10E7 = {
						CreatedOnToolsVersion = 10.0;
					};
				};
			};
			buildConfigurationList = 3FFCA98321C8ACD600AE10E7 /* Build configuration list for PBXProject "13.Network" */;
			compatibilityVersion = "Xcode 9.3";
			developmentRegion = en;
			hasScannedForEncodings = 0;
			knownRegions = (
				en,
				Base,
			);
			mainGroup = 3FFCA97F21C8ACD600AE10E7;
			productRefGroup = 3FFCA98921C8ACD600AE10E7 /* Products */;
			projectDirPath = "";
			projectReferences = (
				{
					ProductGroup = 3FFCA99E21C8AD0200AE10E7 /* Products */;
					ProjectRef = 3FFCA99D21C8AD0200AE10E7 /* Alamofire.xcodeproj */;
				},
			);
			projectRoot = "";
			targets = (
				3FFCA98721C8ACD600AE10E7 /* 13.Network */,
			);
		};
/* End PBXProject section */

/* Begin PBXReferenceProxy section */
		3FFCA9A921C8AD0200AE10E7 /* Alamofire.framework */ = {
			isa = PBXReferenceProxy;
			fileType = wrapper.framework;
			path = Alamofire.framework;
			remoteRef = 3FFCA9A821C8AD0200AE10E7 /* PBXContainerItemProxy */;
			sourceTree = BUILT_PRODUCTS_DIR;
		};
		3FFCA9AB21C8AD0200AE10E7 /* Alamofire iOS Tests.xctest */ = {
			isa = PBXReferenceProxy;
			fileType = wrapper.cfbundle;
			path = "Alamofire iOS Tests.xctest";
			remoteRef = 3FFCA9AA21C8AD0200AE10E7 /* PBXContainerItemProxy */;
			sourceTree = BUILT_PRODUCTS_DIR;
		};
		3FFCA9AD21C8AD0200AE10E7 /* Alamofire.framework */ = {
			isa = PBXReferenceProxy;
			fileType = wrapper.framework;
			path = Alamofire.framework;
			remoteRef = 3FFCA9AC21C8AD0200AE10E7 /* PBXContainerItemProxy */;
			sourceTree = BUILT_PRODUCTS_DIR;
		};
		3FFCA9AF21C8AD0200AE10E7 /* Alamofire macOS Tests.xctest */ = {
			isa = PBXReferenceProxy;
			fileType = wrapper.cfbundle;
			path = "Alamofire macOS Tests.xctest";
			remoteRef = 3FFCA9AE21C8AD0200AE10E7 /* PBXContainerItemProxy */;
			sourceTree = BUILT_PRODUCTS_DIR;
		};
		3FFCA9B121C8AD0200AE10E7 /* Alamofire.framework */ = {
			isa = PBXReferenceProxy;
			fileType = wrapper.framework;
			path = Alamofire.framework;
			remoteRef = 3FFCA9B021C8AD0200AE10E7 /* PBXContainerItemProxy */;
			sourceTree = BUILT_PRODUCTS_DIR;
		};
		3FFCA9B321C8AD0200AE10E7 /* Alamofire tvOS Tests.xctest */ = {
			isa = PBXReferenceProxy;
			fileType = wrapper.cfbundle;
			path = "Alamofire tvOS Tests.xctest";
			remoteRef = 3FFCA9B221C8AD0200AE10E7 /* PBXContainerItemProxy */;
			sourceTree = BUILT_PRODUCTS_DIR;
		};
		3FFCA9B521C8AD0200AE10E7 /* Alamofire.framework */ = {
			isa = PBXReferenceProxy;
			fileType = wrapper.framework;
			path = Alamofire.framework;
			remoteRef = 3FFCA9B421C8AD0200AE10E7 /* PBXContainerItemProxy */;
			sourceTree = BUILT_PRODUCTS_DIR;
		};
/* End PBXReferenceProxy section */

/* Begin PBXResourcesBuildPhase section */
		3FFCA98621C8ACD600AE10E7 /* Resources */ = {
			isa = PBXResourcesBuildPhase;
			buildActionMask = 2147483647;
			files = (
				3FFCA99621C8ACD700AE10E7 /* LaunchScreen.storyboard in Resources */,
				3FFCA99321C8ACD700AE10E7 /* Assets.xcassets in Resources */,
				3FFCA99121C8ACD600AE10E7 /* Main.storyboard in Resources */,
			);
			runOnlyForDeploymentPostprocessing = 0;
		};
/* End PBXResourcesBuildPhase section */

/* Begin PBXSourcesBuildPhase section */
		3FFCA98421C8ACD600AE10E7 /* Sources */ = {
			isa = PBXSourcesBuildPhase;
			buildActionMask = 2147483647;
			files = (
				3FFCA9BC21C8AE7100AE10E7 /* CityTableViewController.swift in Sources */,
				3FFCA98E21C8ACD600AE10E7 /* ViewController.swift in Sources */,
				3FFCA98C21C8ACD600AE10E7 /* AppDelegate.swift in Sources */,
				3FFCA9BE21C8AE9600AE10E7 /* DetailViewController.swift in Sources */,
			);
			runOnlyForDeploymentPostprocessing = 0;
		};
/* End PBXSourcesBuildPhase section */

/* Begin PBXTargetDependency section */
		3FFCA9B921C8AD4700AE10E7 /* PBXTargetDependency */ = {
			isa = PBXTargetDependency;
			name = "Alamofire iOS";
			targetProxy = 3FFCA9B821C8AD4700AE10E7 /* PBXContainerItemProxy */;
		};
/* End PBXTargetDependency section */

/* Begin PBXVariantGroup section */
		3FFCA98F21C8ACD600AE10E7 /* Main.storyboard */ = {
			isa = PBXVariantGroup;
			children = (
				3FFCA99021C8ACD600AE10E7 /* Base */,
			);
			name = Main.storyboard;
			sourceTree = "<group>";
		};
		3FFCA99421C8ACD700AE10E7 /* LaunchScreen.storyboard */ = {
			isa = PBXVariantGroup;
			children = (
				3FFCA99521C8ACD700AE10E7 /* Base */,
			);
			name = LaunchScreen.storyboard;
			sourceTree = "<group>";
		};
/* End PBXVariantGroup section */

/* Begin XCBuildConfiguration section */
		3FFCA99821C8ACD700AE10E7 /* Debug */ = {
			isa = XCBuildConfiguration;
			buildSettings = {
				ALWAYS_SEARCH_USER_PATHS = NO;
				CLANG_ANALYZER_NONNULL = YES;
				CLANG_ANALYZER_NUMBER_OBJECT_CONVERSION = YES_AGGRESSIVE;
				CLANG_CXX_LANGUAGE_STANDARD = "gnu++14";
				CLANG_CXX_LIBRARY = "libc++";
				CLANG_ENABLE_MODULES = YES;
				CLANG_ENABLE_OBJC_ARC = YES;
				CLANG_ENABLE_OBJC_WEAK = YES;
				CLANG_WARN_BLOCK_CAPTURE_AUTORELEASING = YES;
				CLANG_WARN_BOOL_CONVERSION = YES;
				CLANG_WARN_COMMA = YES;
				CLANG_WARN_CONSTANT_CONVERSION = YES;
				CLANG_WARN_DEPRECATED_OBJC_IMPLEMENTATIONS = YES;
				CLANG_WARN_DIRECT_OBJC_ISA_USAGE = YES_ERROR;
				CLANG_WARN_DOCUMENTATION_COMMENTS = YES;
				CLANG_WARN_EMPTY_BODY = YES;
				CLANG_WARN_ENUM_CONVERSION = YES;
				CLANG_WARN_INFINITE_RECURSION = YES;
				CLANG_WARN_INT_CONVERSION = YES;
				CLANG_WARN_NON_LITERAL_NULL_CONVERSION = YES;
				CLANG_WARN_OBJC_IMPLICIT_RETAIN_SELF = YES;
				CLANG_WARN_OBJC_LITERAL_CONVERSION = YES;
				CLANG_WARN_OBJC_ROOT_CLASS = YES_ERROR;
				CLANG_WARN_RANGE_LOOP_ANALYSIS = YES;
				CLANG_WARN_STRICT_PROTOTYPES = YES;
				CLANG_WARN_SUSPICIOUS_MOVE = YES;
				CLANG_WARN_UNGUARDED_AVAILABILITY = YES_AGGRESSIVE;
				CLANG_WARN_UNREACHABLE_CODE = YES;
				CLANG_WARN__DUPLICATE_METHOD_MATCH = YES;
				CODE_SIGN_IDENTITY = "iPhone Developer";
				COPY_PHASE_STRIP = NO;
				DEBUG_INFORMATION_FORMAT = dwarf;
				ENABLE_STRICT_OBJC_MSGSEND = YES;
				ENABLE_TESTABILITY = YES;
				GCC_C_LANGUAGE_STANDARD = gnu11;
				GCC_DYNAMIC_NO_PIC = NO;
				GCC_NO_COMMON_BLOCKS = YES;
				GCC_OPTIMIZATION_LEVEL = 0;
				GCC_PREPROCESSOR_DEFINITIONS = (
					"DEBUG=1",
					"$(inherited)",
				);
				GCC_WARN_64_TO_32_BIT_CONVERSION = YES;
				GCC_WARN_ABOUT_RETURN_TYPE = YES_ERROR;
				GCC_WARN_UNDECLARED_SELECTOR = YES;
				GCC_WARN_UNINITIALIZED_AUTOS = YES_AGGRESSIVE;
				GCC_WARN_UNUSED_FUNCTION = YES;
				GCC_WARN_UNUSED_VARIABLE = YES;
				IPHONEOS_DEPLOYMENT_TARGET = 12.0;
				MTL_ENABLE_DEBUG_INFO = INCLUDE_SOURCE;
				MTL_FAST_MATH = YES;
				ONLY_ACTIVE_ARCH = YES;
				SDKROOT = iphoneos;
				SWIFT_ACTIVE_COMPILATION_CONDITIONS = DEBUG;
				SWIFT_OPTIMIZATION_LEVEL = "-Onone";
			};
			name = Debug;
		};
		3FFCA99921C8ACD700AE10E7 /* Release */ = {
			isa = XCBuildConfiguration;
			buildSettings = {
				ALWAYS_SEARCH_USER_PATHS = NO;
				CLANG_ANALYZER_NONNULL = YES;
				CLANG_ANALYZER_NUMBER_OBJECT_CONVERSION = YES_AGGRESSIVE;
				CLANG_CXX_LANGUAGE_STANDARD = "gnu++14";
				CLANG_CXX_LIBRARY = "libc++";
				CLANG_ENABLE_MODULES = YES;
				CLANG_ENABLE_OBJC_ARC = YES;
				CLANG_ENABLE_OBJC_WEAK = YES;
				CLANG_WARN_BLOCK_CAPTURE_AUTORELEASING = YES;
				CLANG_WARN_BOOL_CONVERSION = YES;
				CLANG_WARN_COMMA = YES;
				CLANG_WARN_CONSTANT_CONVERSION = YES;
				CLANG_WARN_DEPRECATED_OBJC_IMPLEMENTATIONS = YES;
				CLANG_WARN_DIRECT_OBJC_ISA_USAGE = YES_ERROR;
				CLANG_WARN_DOCUMENTATION_COMMENTS = YES;
				CLANG_WARN_EMPTY_BODY = YES;
				CLANG_WARN_ENUM_CONVERSION = YES;
				CLANG_WARN_INFINITE_RECURSION = YES;
				CLANG_WARN_INT_CONVERSION = YES;
				CLANG_WARN_NON_LITERAL_NULL_CONVERSION = YES;
				CLANG_WARN_OBJC_IMPLICIT_RETAIN_SELF = YES;
				CLANG_WARN_OBJC_LITERAL_CONVERSION = YES;
				CLANG_WARN_OBJC_ROOT_CLASS = YES_ERROR;
				CLANG_WARN_RANGE_LOOP_ANALYSIS = YES;
				CLANG_WARN_STRICT_PROTOTYPES = YES;
				CLANG_WARN_SUSPICIOUS_MOVE = YES;
				CLANG_WARN_UNGUARDED_AVAILABILITY = YES_AGGRESSIVE;
				CLANG_WARN_UNREACHABLE_CODE = YES;
				CLANG_WARN__DUPLICATE_METHOD_MATCH = YES;
				CODE_SIGN_IDENTITY = "iPhone Developer";
				COPY_PHASE_STRIP = NO;
				DEBUG_INFORMATION_FORMAT = "dwarf-with-dsym";
				ENABLE_NS_ASSERTIONS = NO;
				ENABLE_STRICT_OBJC_MSGSEND = YES;
				GCC_C_LANGUAGE_STANDARD = gnu11;
				GCC_NO_COMMON_BLOCKS = YES;
				GCC_WARN_64_TO_32_BIT_CONVERSION = YES;
				GCC_WARN_ABOUT_RETURN_TYPE = YES_ERROR;
				GCC_WARN_UNDECLARED_SELECTOR = YES;
				GCC_WARN_UNINITIALIZED_AUTOS = YES_AGGRESSIVE;
				GCC_WARN_UNUSED_FUNCTION = YES;
				GCC_WARN_UNUSED_VARIABLE = YES;
				IPHONEOS_DEPLOYMENT_TARGET = 12.0;
				MTL_ENABLE_DEBUG_INFO = NO;
				MTL_FAST_MATH = YES;
				SDKROOT = iphoneos;
				SWIFT_COMPILATION_MODE = wholemodule;
				SWIFT_OPTIMIZATION_LEVEL = "-O";
				VALIDATE_PRODUCT = YES;
			};
			name = Release;
		};
		3FFCA99B21C8ACD700AE10E7 /* Debug */ = {
			isa = XCBuildConfiguration;
			buildSettings = {
				ALWAYS_EMBED_SWIFT_STANDARD_LIBRARIES = YES;
				ASSETCATALOG_COMPILER_APPICON_NAME = AppIcon;
				CODE_SIGN_STYLE = Automatic;
				INFOPLIST_FILE = 13.Network/Info.plist;
				LD_RUNPATH_SEARCH_PATHS = (
					"$(inherited)",
					"@executable_path/Frameworks",
				);
				PRODUCT_BUNDLE_IDENTIFIER = "-016110445.-3-Network";
				PRODUCT_NAME = "$(TARGET_NAME)";
				SWIFT_VERSION = 4.2;
				TARGETED_DEVICE_FAMILY = "1,2";
			};
			name = Debug;
		};
		3FFCA99C21C8ACD700AE10E7 /* Release */ = {
			isa = XCBuildConfiguration;
			buildSettings = {
				ALWAYS_EMBED_SWIFT_STANDARD_LIBRARIES = YES;
				ASSETCATALOG_COMPILER_APPICON_NAME = AppIcon;
				CODE_SIGN_STYLE = Automatic;
				INFOPLIST_FILE = 13.Network/Info.plist;
				LD_RUNPATH_SEARCH_PATHS = (
					"$(inherited)",
					"@executable_path/Frameworks",
				);
				PRODUCT_BUNDLE_IDENTIFIER = "-016110445.-3-Network";
				PRODUCT_NAME = "$(TARGET_NAME)";
				SWIFT_VERSION = 4.2;
				TARGETED_DEVICE_FAMILY = "1,2";
			};
			name = Release;
		};
/* End XCBuildConfiguration section */

/* Begin XCConfigurationList section */
		3FFCA98321C8ACD600AE10E7 /* Build configuration list for PBXProject "13.Network" */ = {
			isa = XCConfigurationList;
			buildConfigurations = (
				3FFCA99821C8ACD700AE10E7 /* Debug */,
				3FFCA99921C8ACD700AE10E7 /* Release */,
			);
			defaultConfigurationIsVisible = 0;
			defaultConfigurationName = Release;
		};
		3FFCA99A21C8ACD700AE10E7 /* Build configuration list for PBXNativeTarget "13.Network" */ = {
			isa = XCConfigurationList;
			buildConfigurations = (
				3FFCA99B21C8ACD700AE10E7 /* Debug */,
				3FFCA99C21C8ACD700AE10E7 /* Release */,
			);
			defaultConfigurationIsVisible = 0;
			defaultConfigurationName = Release;
		};
/* End XCConfigurationList section */
	};
	rootObject = 3FFCA98021C8ACD600AE10E7 /* Project object */;
}
